
Microsoft Visual Studio Solution File, Format Version 12.00
# Visual Studio Version 16
VisualStudioVersion = 16.0.29424.173
MinimumVisualStudioVersion = 10.0.40219.1
Project("{9A19103F-16F7-4668-BE54-9A1E7A4F7556}") = "MusicStoreApplication", "MusicStoreApplication.csproj", "{70D5B10A-E741-496B-9A5A-D764307F2A6C}"
EndProject
Global
	GlobalSection(SolutionConfigurationPlatforms) = preSolution
		Debug|Any CPU = Debug|Any CPU
		Release|Any CPU = Release|Any CPU
	EndGlobalSection
	GlobalSection(ProjectConfigurationPlatforms) = postSolution
		{70D5B10A-E741-496B-9A5A-D764307F2A6C}.Debug|Any CPU.ActiveCfg = Debug|Any CPU
		{70D5B10A-E741-496B-9A5A-D764307F2A6C}.Debug|Any CPU.Build.0 = Debug|Any CPU
		{70D5B10A-E741-496B-9A5A-D764307F2A6C}.Release|Any CPU.ActiveCfg = Release|Any CPU
		{70D5B10A-E741-496B-9A5A-D764307F2A6C}.Release|Any CPU.Build.0 = Release|Any CPU
	EndGlobalSection
	GlobalSection(SolutionProperties) = preSolution
		HideSolutionNode = FALSE
	EndGlobalSection
	GlobalSection(ExtensibilityGlobals) = postSolution
		SolutionGuid = {49A46FEC-FFF6-4680-968F-DF9D086AF9E0}
	EndGlobalSection
EndGlobal
